
Microsoft Visual Studio Solution File, Format Version 12.00
# Visual Studio 15
Project("{FAE04EC0-301F-11D3-BF4B-00C04F79EFBC}") = "BetterHierarchy", "BetterHierarchy.csproj", "{9EB07917-2F51-E124-73BE-79FB8B972F62}"
EndProject
Project("{FAE04EC0-301F-11D3-BF4B-00C04F79EFBC}") = "Assembly-CSharp", "Assembly-CSharp.csproj", "{08318B77-C062-F3E2-76F0-2337F3CD2195}"
EndProject
Global
	GlobalSection(SolutionConfigurationPlatforms) = preSolution
		Debug|Any CPU = Debug|Any CPU
		Release|Any CPU = Release|Any CPU
	EndGlobalSection
	GlobalSection(ProjectConfigurationPlatforms) = postSolution
		{9EB07917-2F51-E124-73BE-79FB8B972F62}.Debug|Any CPU.ActiveCfg = Debug|Any CPU
		{9EB07917-2F51-E124-73BE-79FB8B972F62}.Debug|Any CPU.Build.0 = Debug|Any CPU
		{9EB07917-2F51-E124-73BE-79FB8B972F62}.Release|Any CPU.ActiveCfg = Release|Any CPU
		{9EB07917-2F51-E124-73BE-79FB8B972F62}.Release|Any CPU.Build.0 = Release|Any CPU
		{08318B77-C062-F3E2-76F0-2337F3CD2195}.Debug|Any CPU.ActiveCfg = Debug|Any CPU
		{08318B77-C062-F3E2-76F0-2337F3CD2195}.Debug|Any CPU.Build.0 = Debug|Any CPU
		{08318B77-C062-F3E2-76F0-2337F3CD2195}.Release|Any CPU.ActiveCfg = Release|Any CPU
		{08318B77-C062-F3E2-76F0-2337F3CD2195}.Release|Any CPU.Build.0 = Release|Any CPU
	EndGlobalSection
	GlobalSection(SolutionProperties) = preSolution
		HideSolutionNode = FALSE
	EndGlobalSection
EndGlobal
